{
  "name": "quin",
  "version": "0.0.0",
  "lockfileVersion": 1,
  "requires": true,
  "dependencies": {
    "@sentry/apm": {
      "version": "5.11.0",
      "resolved": "https://registry.npmjs.org/@sentry/apm/-/apm-5.11.0.tgz",
      "integrity": "sha512-Eb/xsw5V8Cl80XRy2Pgknj121WlPVlbZ2huiQUcVm48+elg9k2H8FxK2mTyL/A26QZvQFgxAJ+ASVrE+Nff3NA==",
      "requires": {
        "@sentry/hub": "5.11.0",
        "@sentry/minimal": "5.11.0",
        "@sentry/types": "5.11.0",
        "@sentry/utils": "5.11.0",
        "tslib": "^1.9.3"
      }
    },
    "@sentry/core": {
      "version": "5.11.0",
      "resolved": "https://registry.npmjs.org/@sentry/core/-/core-5.11.0.tgz",
      "integrity": "sha512-bofpzY5Sgcrq69eg1iA13kGJqWia4s/jVOB3DCU3rPUKGHVL8hh9CjrIho1C0XygQxjuPAJznOj0cCaRxD1vJQ==",
      "requires": {
        "@sentry/hub": "5.11.0",
        "@sentry/minimal": "5.11.0",
        "@sentry/types": "5.11.0",
        "@sentry/utils": "5.11.0",
        "tslib": "^1.9.3"
      }
    },
    "@sentry/hub": {
      "version": "5.11.0",
      "resolved": "https://registry.npmjs.org/@sentry/hub/-/hub-5.11.0.tgz",
      "integrity": "sha512-ZtCcbq3BLkQo/y07amvP21ZjmL7up/fD1032XrA+44U7M1d2w+CDCVRWcCJGK/otzPz7cw8yc5oS4Cn68wLVxw==",
      "requires": {
        "@sentry/types": "5.11.0",
        "@sentry/utils": "5.11.0",
        "tslib": "^1.9.3"
      }
    },
    "@sentry/minimal": {
      "version": "5.11.0",
      "resolved": "https://registry.npmjs.org/@sentry/minimal/-/minimal-5.11.0.tgz",
      "integrity": "sha512-fplz8sCmYE9Hdm+qnoATls5FPKjVyXcCuav9UKFLV6L+MAPjWVINbHFPBcYAmR5bjK4/Otfi1SPCBe1MQT/FtA==",
      "requires": {
        "@sentry/hub": "5.11.0",
        "@sentry/types": "5.11.0",
        "tslib": "^1.9.3"
      }
    },
    "@sentry/node": {
      "version": "5.11.0",
      "resolved": "https://registry.npmjs.org/@sentry/node/-/node-5.11.0.tgz",
      "integrity": "sha512-WgcNTEDqud9eD2tT/2/MXmVUngivMeYmzVSUrRG05C7k9HiXwMr2v7H7HCMumlCLAqflr2qAsGa8tZa/nR+ZHw==",
      "requires": {
        "@sentry/apm": "5.11.0",
        "@sentry/core": "5.11.0",
        "@sentry/hub": "5.11.0",
        "@sentry/types": "5.11.0",
        "@sentry/utils": "5.11.0",
        "cookie": "^0.3.1",
        "https-proxy-agent": "^4.0.0",
        "lru_map": "^0.3.3",
        "tslib": "^1.9.3"
      }
    },
    "@sentry/types": {
      "version": "5.11.0",
      "resolved": "https://registry.npmjs.org/@sentry/types/-/types-5.11.0.tgz",
      "integrity": "sha512-1Uhycpmeo1ZK2GLvrtwZhTwIodJHcyIS6bn+t4IMkN9MFoo6ktbAfhvexBDW/IDtdLlCGJbfm8nIZerxy0QUpg=="
    },
    "@sentry/utils": {
      "version": "5.11.0",
      "resolved": "https://registry.npmjs.org/@sentry/utils/-/utils-5.11.0.tgz",
      "integrity": "sha512-84MNM08ANmda/tWMBCCb9tga0b4ZD7tSo0i20RJalkdLk9zJmmepKw+sA5PyztO/YxkqAt9KijSmtIafd0LlOQ==",
      "requires": {
        "@sentry/types": "5.11.0",
        "tslib": "^1.9.3"
      }
    },
    "agent-base": {
      "version": "5.1.1",
      "resolved": "https://registry.npmjs.org/agent-base/-/agent-base-5.1.1.tgz",
      "integrity": "sha512-TMeqbNl2fMW0nMjTEPOwe3J/PRFP4vqeoNuQMG0HlMrtm5QxKqdvAkZ1pRBQ/ulIyDD5Yq0nJ7YbdD8ey0TO3g=="
    },
    "async-limiter": {
      "version": "1.0.1",
      "resolved": "https://registry.npmjs.org/async-limiter/-/async-limiter-1.0.1.tgz",
      "integrity": "sha512-csOlWGAcRFJaI6m+F2WKdnMKr4HhdhFVBk0H/QbJFMCr+uO2kwohwXQPxw/9OCxp05r5ghVBFSyioixx3gfkNQ=="
    },
    "commander": {
      "version": "4.1.0",
      "resolved": "https://registry.npmjs.org/commander/-/commander-4.1.0.tgz",
      "integrity": "sha512-NIQrwvv9V39FHgGFm36+U9SMQzbiHvU79k+iADraJTpmrFFfx7Ds0IvDoAdZsDrknlkRk14OYoWXb57uTh7/sw=="
    },
    "cookie": {
      "version": "0.3.1",
      "resolved": "https://registry.npmjs.org/cookie/-/cookie-0.3.1.tgz",
      "integrity": "sha1-5+Ch+e9DtMi6klxcWpboBtFoc7s="
    },
    "debug": {
      "version": "4.1.1",
      "resolved": "https://registry.npmjs.org/debug/-/debug-4.1.1.tgz",
      "integrity": "sha512-pYAIzeRo8J6KPEaJ0VWOh5Pzkbw/RetuzehGM7QRRX5he4fPHx2rdKMB256ehJCkX+XRQm16eZLqLNS8RSZXZw==",
      "requires": {
        "ms": "^2.1.1"
      }
    },
    "discord-akairo": {
      "version": "7.5.6",
      "resolved": "https://registry.npmjs.org/discord-akairo/-/discord-akairo-7.5.6.tgz",
      "integrity": "sha512-u/hmpCs6IN2XJAm1Y5DUEawJc+ybWCzf4QPsOKsbbwWx2pHBCSGABazsstSEdVAhE3ZdwP/GAbgyKDR0ceQqsw=="
    },
    "discord.js": {
      "version": "11.5.1",
      "resolved": "https://registry.npmjs.org/discord.js/-/discord.js-11.5.1.tgz",
      "integrity": "sha512-tGhV5xaZXE3Z+4uXJb3hYM6gQ1NmnSxp9PClcsSAYFVRzH6AJH74040mO3afPDMWEAlj8XsoPXXTJHTxesqcGw==",
      "requires": {
        "long": "^4.0.0",
        "prism-media": "^0.0.3",
        "snekfetch": "^3.6.4",
        "tweetnacl": "^1.0.0",
        "ws": "^6.0.0"
      }
    },
    "esm": {
      "version": "3.2.25",
      "resolved": "https://registry.npmjs.org/esm/-/esm-3.2.25.tgz",
      "integrity": "sha512-U1suiZ2oDVWv4zPO56S0NcR5QriEahGtdN2OR6FiOG4WJvcjBVFB0qI4+eKoWFH483PKGuLuu6V8Z4T5g63UVA=="
    },
    "https-proxy-agent": {
      "version": "4.0.0",
      "resolved": "https://registry.npmjs.org/https-proxy-agent/-/https-proxy-agent-4.0.0.tgz",
      "integrity": "sha512-zoDhWrkR3of1l9QAL8/scJZyLu8j/gBkcwcaQOZh7Gyh/+uJQzGVETdgT30akuwkpL8HTRfssqI3BZuV18teDg==",
      "requires": {
        "agent-base": "5",
        "debug": "4"
      }
    },
    "long": {
      "version": "4.0.0",
      "resolved": "https://registry.npmjs.org/long/-/long-4.0.0.tgz",
      "integrity": "sha512-XsP+KhQif4bjX1kbuSiySJFNAehNxgLb6hPRGJ9QsUr8ajHkuXGdrHmFUTUUXhDwVX2R5bY4JNZEwbUiMhV+MA=="
    },
    "lru_map": {
      "version": "0.3.3",
      "resolved": "https://registry.npmjs.org/lru_map/-/lru_map-0.3.3.tgz",
      "integrity": "sha1-tcg1G5Rky9dQM1p5ZQoOwOVhGN0="
    },
    "ms": {
      "version": "2.1.2",
      "resolved": "https://registry.npmjs.org/ms/-/ms-2.1.2.tgz",
      "integrity": "sha512-sGkPx+VjMtmA6MX27oA4FBFELFCZZ4S4XqeGOXCv68tT+jb3vk/RyaKWP0PTKyWtmLSM0b+adUTEvbs1PEaH2w=="
    },
    "prism-media": {
      "version": "0.0.3",
      "resolved": "https://registry.npmjs.org/prism-media/-/prism-media-0.0.3.tgz",
      "integrity": "sha512-c9KkNifSMU/iXT8FFTaBwBMr+rdVcN+H/uNv1o+CuFeTThNZNTOrQ+RgXA1yL/DeLk098duAeRPP3QNPNbhxYQ=="
    },
    "snekfetch": {
      "version": "3.6.4",
      "resolved": "https://registry.npmjs.org/snekfetch/-/snekfetch-3.6.4.tgz",
      "integrity": "sha512-NjxjITIj04Ffqid5lqr7XdgwM7X61c/Dns073Ly170bPQHLm6jkmelye/eglS++1nfTWktpP6Y2bFXjdPlQqdw=="
    },
    "tslib": {
      "version": "1.10.0",
      "resolved": "https://registry.npmjs.org/tslib/-/tslib-1.10.0.tgz",
      "integrity": "sha512-qOebF53frne81cf0S9B41ByenJ3/IuH8yJKngAX35CmiZySA0khhkovshKK+jGCaMnVomla7gVlIcc3EvKPbTQ=="
    },
    "tweetnacl": {
      "version": "1.0.1",
      "resolved": "https://registry.npmjs.org/tweetnacl/-/tweetnacl-1.0.1.tgz",
      "integrity": "sha512-kcoMoKTPYnoeS50tzoqjPY3Uv9axeuuFAZY9M/9zFnhoVvRfxz9K29IMPD7jGmt2c8SW7i3gT9WqDl2+nV7p4A=="
    },
    "ws": {
      "version": "6.2.1",
      "resolved": "https://registry.npmjs.org/ws/-/ws-6.2.1.tgz",
      "integrity": "sha512-GIyAXC2cB7LjvpgMt9EKS2ldqr0MTrORaleiOno6TweZ6r3TKtoFQWay/2PceJ3RuBasOHzXNn5Lrw1X0bEjqA==",
      "requires": {
        "async-limiter": "~1.0.0"
      }
    }
  }
}
